
Microsoft Visual Studio Solution File, Format Version 12.00
# Visual Studio Version 17
VisualStudioVersion = 17.5.33627.172
MinimumVisualStudioVersion = 10.0.40219.1
Project("{FAE04EC0-301F-11D3-BF4B-00C04F79EFBC}") = "NZWalks.API", "NZWalks.API\NZWalks.API.csproj", "{67113E3A-9AA5-40FA-90F4-E90B2BCB2A03}"
EndProject
Global
	GlobalSection(SolutionConfigurationPlatforms) = preSolution
		Debug|Any CPU = Debug|Any CPU
		Release|Any CPU = Release|Any CPU
	EndGlobalSection
	GlobalSection(ProjectConfigurationPlatforms) = postSolution
		{67113E3A-9AA5-40FA-90F4-E90B2BCB2A03}.Debug|Any CPU.ActiveCfg = Debug|Any CPU
		{67113E3A-9AA5-40FA-90F4-E90B2BCB2A03}.Debug|Any CPU.Build.0 = Debug|Any CPU
		{67113E3A-9AA5-40FA-90F4-E90B2BCB2A03}.Release|Any CPU.ActiveCfg = Release|Any CPU
		{67113E3A-9AA5-40FA-90F4-E90B2BCB2A03}.Release|Any CPU.Build.0 = Release|Any CPU
	EndGlobalSection
	GlobalSection(SolutionProperties) = preSolution
		HideSolutionNode = FALSE
	EndGlobalSection
	GlobalSection(ExtensibilityGlobals) = postSolution
		SolutionGuid = {7A7BD029-A48C-42E4-A144-4107A2854345}
	EndGlobalSection
EndGlobal
